
Microsoft Visual Studio Solution File, Format Version 12.00
# Visual Studio Version 16
VisualStudioVersion = 16.0.31112.23
MinimumVisualStudioVersion = 10.0.40219.1
Project("{FAE04EC0-301F-11D3-BF4B-00C04F79EFBC}") = "Claims", "Claims\Claims.csproj", "{56760043-D224-48DE-9792-1C76E0B25914}"
EndProject
Global
	GlobalSection(SolutionConfigurationPlatforms) = preSolution
		Debug|Any CPU = Debug|Any CPU
		Release|Any CPU = Release|Any CPU
	EndGlobalSection
	GlobalSection(ProjectConfigurationPlatforms) = postSolution
		{56760043-D224-48DE-9792-1C76E0B25914}.Debug|Any CPU.ActiveCfg = Debug|Any CPU
		{56760043-D224-48DE-9792-1C76E0B25914}.Debug|Any CPU.Build.0 = Debug|Any CPU
		{56760043-D224-48DE-9792-1C76E0B25914}.Release|Any CPU.ActiveCfg = Release|Any CPU
		{56760043-D224-48DE-9792-1C76E0B25914}.Release|Any CPU.Build.0 = Release|Any CPU
	EndGlobalSection
	GlobalSection(SolutionProperties) = preSolution
		HideSolutionNode = FALSE
	EndGlobalSection
	GlobalSection(ExtensibilityGlobals) = postSolution
		SolutionGuid = {B6000AE0-5538-43A5-BA7E-CDEC9DD5FF66}
	EndGlobalSection
EndGlobal
